PODS:
  - Font (0.2.0)
  - Log (1.0)
  - PureLayout (3.0.2)
  - Reveal-SDK (4)
  - SlackTextViewController (1.9.5)
  - Then (2.1.0)

DEPENDENCIES:
  - Font
  - Log
  - PureLayout
  - Reveal-SDK
  - SlackTextViewController (from `https://github.com/slackhq/SlackTextViewController.git`)
  - Then

EXTERNAL SOURCES:
  SlackTextViewController:
    :git: https://github.com/slackhq/SlackTextViewController.git

CHECKOUT OPTIONS:
  SlackTextViewController:
    :commit: 08fdbfcce29668d295fcc4174d48e17d4fc97127
    :git: https://github.com/slackhq/SlackTextViewController.git

SPEC CHECKSUMS:
  Font: 29387bb29b38d0551e99119f8e146cac0f9537ee
  Log: 5e368c9528db07517d18d2d04ff5fe2b6f5a1e21
  PureLayout: 4d550abe49a94f24c2808b9b95db9131685fe4cd
  Reveal-SDK: 178c927f1a3230648d3a92b96f6e730a35b2750a
  SlackTextViewController: fbcdadbb8090673f604484ff5b6eb8d77baed42a
  Then: 8496793c8fcac95482b943909b440724c7d8d82c

PODFILE CHECKSUM: 2a3a9b39fc79ca9e71908cd4fe285619c4fda619

COCOAPODS: 1.2.0.beta.1
